[{<<"ranch">>,
  {git,"git://github.com/ninenines/ranch.git",
       {ref,"adf1822defc2b7cfdc7aca112adabfa1d614043c"}},
  1},
 {<<"gen_leader">>,
  {git,"git://github.com/abecciu/gen_leader_revival.git",
       {ref,"a119cb9a39f94254247962bce4616b6f607cca80"}},
  1},
 {<<"edown">>,
  {git,"git://github.com/esl/edown.git",
       {ref,"4d18dc4bec89c20c0ba8cab6884ce690ca606f4a"}},
  1},
 {<<"cowlib">>,
  {git,"git://github.com/ninenines/cowlib.git",
       {ref,"0bd62c8920cd7c0f901207320f07229452cc5681"}},
  1},
 {<<"jsx">>,
  {git,"https://github.com/talentdeficit/jsx.git",
       {ref,"8f62b3adf112f282fefffb905ef16af6c1b189e2"}},
  0},
 {<<"gproc">>,
  {git,"git://github.com/uwiger/gproc.git",
       {ref,"1b81e72fd5005b817794d6baa6d08da3faf8b179"}},
  0},
 {<<"cowboy">>,
  {git,"git://github.com/ninenines/cowboy.git",
       {ref,"90ae31998e8d0887b9efe4b441136ac047708bb9"}},
  0}].
